
Microsoft Visual Studio Solution File, Format Version 12.00
# Visual Studio 15
VisualStudioVersion = 15.0.27703.2018
MinimumVisualStudioVersion = 10.0.40219.1
Project("{9A19103F-16F7-4668-BE54-9A1E7A4F7556}") = "iLynx.UI", "iLynx.UI\iLynx.UI.csproj", "{01C5F0EE-9805-431D-BB19-8D257B539056}"
EndProject
Project("{9A19103F-16F7-4668-BE54-9A1E7A4F7556}") = "iLynx.UI.OpenGL", "iLynx.UI.OpenGL\iLynx.UI.OpenGL.csproj", "{584A265F-839E-4D37-8458-06801CA41871}"
EndProject
Project("{9A19103F-16F7-4668-BE54-9A1E7A4F7556}") = "iLynx.UI.TestBench", "iLynx.UI.TestBench\iLynx.UI.TestBench.csproj", "{E10A08E7-CB56-4F1B-AEF0-0A18A00A6197}"
EndProject
Project("{9A19103F-16F7-4668-BE54-9A1E7A4F7556}") = "iLynx.Common", "iLynx.Common\iLynx.Common.csproj", "{31E22402-D4F1-4AD1-9AF0-A2A5DC89210F}"
EndProject
Project("{9A19103F-16F7-4668-BE54-9A1E7A4F7556}") = "iLynx.UI.SFML", "iLynx.UI.SFML\iLynx.UI.SFML.csproj", "{FF10B6DB-97DA-4BC6-8151-6E87C67A5ABC}"
EndProject
Project("{2150E333-8FDC-42A3-9474-1A3956D46DE8}") = "lib", "lib", "{81EF84D3-9C26-4107-813F-D60EA8E64988}"
EndProject
Project("{9A19103F-16F7-4668-BE54-9A1E7A4F7556}") = "SFML.System", "lib\SFML.System\SFML.System.csproj", "{DF2691D7-3F71-4B84-9FBA-DAE61B9A861A}"
EndProject
Project("{9A19103F-16F7-4668-BE54-9A1E7A4F7556}") = "SFML.Window", "lib\SFML.Window\SFML.Window.csproj", "{DF2F1A24-015A-41CB-B6B1-606325B5E226}"
EndProject
Project("{9A19103F-16F7-4668-BE54-9A1E7A4F7556}") = "SFML.Graphics", "lib\SFML.Graphics\SFML.Graphics.csproj", "{4A441A9C-A039-4AA1-8518-AA4221118C42}"
EndProject
Global
	GlobalSection(SolutionConfigurationPlatforms) = preSolution
		Debug|Any CPU = Debug|Any CPU
		Release|Any CPU = Release|Any CPU
	EndGlobalSection
	GlobalSection(ProjectConfigurationPlatforms) = postSolution
		{01C5F0EE-9805-431D-BB19-8D257B539056}.Debug|Any CPU.ActiveCfg = Debug|Any CPU
		{01C5F0EE-9805-431D-BB19-8D257B539056}.Debug|Any CPU.Build.0 = Debug|Any CPU
		{01C5F0EE-9805-431D-BB19-8D257B539056}.Release|Any CPU.ActiveCfg = Release|Any CPU
		{01C5F0EE-9805-431D-BB19-8D257B539056}.Release|Any CPU.Build.0 = Release|Any CPU
		{584A265F-839E-4D37-8458-06801CA41871}.Debug|Any CPU.ActiveCfg = Debug|Any CPU
		{584A265F-839E-4D37-8458-06801CA41871}.Debug|Any CPU.Build.0 = Debug|Any CPU
		{584A265F-839E-4D37-8458-06801CA41871}.Release|Any CPU.ActiveCfg = Release|Any CPU
		{584A265F-839E-4D37-8458-06801CA41871}.Release|Any CPU.Build.0 = Release|Any CPU
		{E10A08E7-CB56-4F1B-AEF0-0A18A00A6197}.Debug|Any CPU.ActiveCfg = Debug|Any CPU
		{E10A08E7-CB56-4F1B-AEF0-0A18A00A6197}.Debug|Any CPU.Build.0 = Debug|Any CPU
		{E10A08E7-CB56-4F1B-AEF0-0A18A00A6197}.Release|Any CPU.ActiveCfg = Release|Any CPU
		{E10A08E7-CB56-4F1B-AEF0-0A18A00A6197}.Release|Any CPU.Build.0 = Release|Any CPU
		{31E22402-D4F1-4AD1-9AF0-A2A5DC89210F}.Debug|Any CPU.ActiveCfg = Debug|Any CPU
		{31E22402-D4F1-4AD1-9AF0-A2A5DC89210F}.Debug|Any CPU.Build.0 = Debug|Any CPU
		{31E22402-D4F1-4AD1-9AF0-A2A5DC89210F}.Release|Any CPU.ActiveCfg = Release|Any CPU
		{31E22402-D4F1-4AD1-9AF0-A2A5DC89210F}.Release|Any CPU.Build.0 = Release|Any CPU
		{FF10B6DB-97DA-4BC6-8151-6E87C67A5ABC}.Debug|Any CPU.ActiveCfg = Debug|Any CPU
		{FF10B6DB-97DA-4BC6-8151-6E87C67A5ABC}.Debug|Any CPU.Build.0 = Debug|Any CPU
		{FF10B6DB-97DA-4BC6-8151-6E87C67A5ABC}.Release|Any CPU.ActiveCfg = Release|Any CPU
		{FF10B6DB-97DA-4BC6-8151-6E87C67A5ABC}.Release|Any CPU.Build.0 = Release|Any CPU
		{DF2691D7-3F71-4B84-9FBA-DAE61B9A861A}.Debug|Any CPU.ActiveCfg = Debug|Any CPU
		{DF2691D7-3F71-4B84-9FBA-DAE61B9A861A}.Debug|Any CPU.Build.0 = Debug|Any CPU
		{DF2691D7-3F71-4B84-9FBA-DAE61B9A861A}.Release|Any CPU.ActiveCfg = Release|Any CPU
		{DF2691D7-3F71-4B84-9FBA-DAE61B9A861A}.Release|Any CPU.Build.0 = Release|Any CPU
		{DF2F1A24-015A-41CB-B6B1-606325B5E226}.Debug|Any CPU.ActiveCfg = Debug|Any CPU
		{DF2F1A24-015A-41CB-B6B1-606325B5E226}.Debug|Any CPU.Build.0 = Debug|Any CPU
		{DF2F1A24-015A-41CB-B6B1-606325B5E226}.Release|Any CPU.ActiveCfg = Release|Any CPU
		{DF2F1A24-015A-41CB-B6B1-606325B5E226}.Release|Any CPU.Build.0 = Release|Any CPU
		{4A441A9C-A039-4AA1-8518-AA4221118C42}.Debug|Any CPU.ActiveCfg = Debug|Any CPU
		{4A441A9C-A039-4AA1-8518-AA4221118C42}.Debug|Any CPU.Build.0 = Debug|Any CPU
		{4A441A9C-A039-4AA1-8518-AA4221118C42}.Release|Any CPU.ActiveCfg = Release|Any CPU
		{4A441A9C-A039-4AA1-8518-AA4221118C42}.Release|Any CPU.Build.0 = Release|Any CPU
	EndGlobalSection
	GlobalSection(SolutionProperties) = preSolution
		HideSolutionNode = FALSE
	EndGlobalSection
	GlobalSection(NestedProjects) = preSolution
		{DF2691D7-3F71-4B84-9FBA-DAE61B9A861A} = {81EF84D3-9C26-4107-813F-D60EA8E64988}
		{DF2F1A24-015A-41CB-B6B1-606325B5E226} = {81EF84D3-9C26-4107-813F-D60EA8E64988}
		{4A441A9C-A039-4AA1-8518-AA4221118C42} = {81EF84D3-9C26-4107-813F-D60EA8E64988}
	EndGlobalSection
	GlobalSection(ExtensibilityGlobals) = postSolution
		SolutionGuid = {3C7DC7DC-B910-4C80-9CC9-003F6C93CF01}
	EndGlobalSection
EndGlobal
